
Microsoft Visual Studio Solution File, Format Version 12.00
# Visual Studio 2013
VisualStudioVersion = 12.0.21005.1
MinimumVisualStudioVersion = 10.0.40219.1
Project("{FAE04EC0-301F-11D3-BF4B-00C04F79EFBC}") = "BasicData", "BasicData\BasicData.csproj", "{62B9275B-5A99-4F72-95BB-190094C97E01}"
EndProject
Project("{FAE04EC0-301F-11D3-BF4B-00C04F79EFBC}") = "DebugContract", "DebugContract\DebugContract.csproj", "{77F8CBC4-9DF8-4258-AD92-6B9B9002FEE3}"
EndProject
Global
	GlobalSection(SolutionConfigurationPlatforms) = preSolution
		Debug|Any CPU = Debug|Any CPU
		Release|Any CPU = Release|Any CPU
	EndGlobalSection
	GlobalSection(ProjectConfigurationPlatforms) = postSolution
		{62B9275B-5A99-4F72-95BB-190094C97E01}.Debug|Any CPU.ActiveCfg = Debug|Any CPU
		{62B9275B-5A99-4F72-95BB-190094C97E01}.Debug|Any CPU.Build.0 = Debug|Any CPU
		{62B9275B-5A99-4F72-95BB-190094C97E01}.Release|Any CPU.ActiveCfg = Release|Any CPU
		{62B9275B-5A99-4F72-95BB-190094C97E01}.Release|Any CPU.Build.0 = Release|Any CPU
		{77F8CBC4-9DF8-4258-AD92-6B9B9002FEE3}.Debug|Any CPU.ActiveCfg = Debug|Any CPU
		{77F8CBC4-9DF8-4258-AD92-6B9B9002FEE3}.Debug|Any CPU.Build.0 = Debug|Any CPU
		{77F8CBC4-9DF8-4258-AD92-6B9B9002FEE3}.Release|Any CPU.ActiveCfg = Release|Any CPU
		{77F8CBC4-9DF8-4258-AD92-6B9B9002FEE3}.Release|Any CPU.Build.0 = Release|Any CPU
	EndGlobalSection
	GlobalSection(SolutionProperties) = preSolution
		HideSolutionNode = FALSE
	EndGlobalSection
EndGlobal
